# This file is automatically @generated by Cargo.
# It is not intended for manual editing.
version = 4

[[package]]
name = "canon-adaptor"
version = "0.1.0"
dependencies = [
 "canon-core",
]

[[package]]
name = "canon-adaptor-kafka"
version = "0.1.0"
dependencies = [
 "canon-adaptor",
 "canon-core",
]

[[package]]
name = "canon-command-store"
version = "0.1.0"
dependencies = [
 "canon-core",
]

[[package]]
name = "canon-command-store-pg"
version = "0.1.0"
dependencies = [
 "canon-command-store",
 "canon-core",
]

[[package]]
name = "canon-core"
version = "0.1.0"

[[package]]
name = "canon-deadletter"
version = "0.1.0"
dependencies = [
 "canon-core",
]

[[package]]
name = "canon-deadletter-pg"
version = "0.1.0"
dependencies = [
 "canon-core",
 "canon-deadletter",
]

[[package]]
name = "canon-demo-shared"
version = "0.1.0"
dependencies = [
 "canon-core",
]

[[package]]
name = "canon-event-store"
version = "0.1.0"
dependencies = [
 "canon-core",
]

[[package]]
name = "canon-event-store-cassandra"
version = "0.1.0"
dependencies = [
 "canon-core",
 "canon-event-store",
]

[[package]]
name = "canon-inbox"
version = "0.1.0"
dependencies = [
 "canon-core",
]

[[package]]
name = "canon-inbox-pg"
version = "0.1.0"
dependencies = [
 "canon-core",
 "canon-inbox",
]

[[package]]
name = "canon-projection-store"
version = "0.1.0"
dependencies = [
 "canon-core",
]

[[package]]
name = "canon-projection-store-pg"
version = "0.1.0"
dependencies = [
 "canon-core",
 "canon-projection-store",
]

[[package]]
name = "canon-publisher"
version = "0.1.0"
dependencies = [
 "canon-core",
]

[[package]]
name = "canon-publisher-kafka"
version = "0.1.0"
dependencies = [
 "canon-core",
 "canon-publisher",
]

[[package]]
name = "canon-queue"
version = "0.1.0"
dependencies = [
 "canon-core",
]

[[package]]
name = "canon-queue-rabbitmq"
version = "0.1.0"
dependencies = [
 "canon-core",
 "canon-queue",
]

[[package]]
name = "canon-snapshot-store"
version = "0.1.0"
dependencies = [
 "canon-core",
]

[[package]]
name = "canon-snapshot-store-pg"
version = "0.1.0"
dependencies = [
 "canon-core",
 "canon-snapshot-store",
]

[[package]]
name = "cargo-service"
version = "0.1.0"
dependencies = [
 "canon-demo-shared",
]

[[package]]
name = "fleet-service"
version = "0.1.0"
dependencies = [
 "canon-demo-shared",
]

[[package]]
name = "frontend"
version = "0.1.0"
dependencies = [
 "canon-demo-shared",
]

[[package]]
name = "gateway"
version = "0.1.0"
dependencies = [
 "canon-demo-shared",
]

[[package]]
name = "navigation-service"
version = "0.1.0"
dependencies = [
 "canon-demo-shared",
]

[[package]]
name = "station-service"
version = "0.1.0"
dependencies = [
 "canon-demo-shared",
]

[[package]]
name = "supply-service"
version = "0.1.0"
dependencies = [
 "canon-demo-shared",
]
